{
  "name": "blockwishlist_tests_ui",
  "version": "1.0.0",
  "lockfileVersion": 2,
  "requires": true,
  "packages": {
    "": {
      "name": "blockwishlist_tests_ui",
      "version": "1.0.0",
      "license": "MIT",
      "devDependencies": {
        "@prestashop-core/ui-testing": "^0.0.11",
        "dotenv": "^16.4.5"
      }
    },
    "node_modules/@faker-js/faker": {
      "version": "8.4.1",
      "resolved": "https://registry.npmjs.org/@faker-js/faker/-/faker-8.4.1.tgz",
      "integrity": "sha512-XQ3cU+Q8Uqmrbf2e0cIC/QN43sTBSC8KF12u29Mb47tWrt2hAgBXSgpZMj4Ao8Uk0iJcU99QsOCaIL8934obCg==",
      "dev": true,
      "funding": [
        {
          "type": "opencollective",
          "url": "https://opencollective.com/fakerjs"
        }
      ],
      "engines": {
        "node": "^14.17.0 || ^16.13.0 || >=18.0.0",
        "npm": ">=6.14.13"
      }
    },
    "node_modules/@playwright/test": {
      "version": "1.42.1",
      "resolved": "https://registry.npmjs.org/@playwright/test/-/test-1.42.1.tgz",
      "integrity": "sha512-Gq9rmS54mjBL/7/MvBaNOBwbfnh7beHvS6oS4srqXFcQHpQCV1+c8JXWE8VLPyRDhgS3H8x8A7hztqI9VnwrAQ==",
      "dev": true,
      "dependencies": {
        "playwright": "1.42.1"
      },
      "bin": {
        "playwright": "cli.js"
      },
      "engines": {
        "node": ">=16"
      }
    },
    "node_modules/@playwright/test/node_modules/playwright": {
      "version": "1.42.1",
      "resolved": "https://registry.npmjs.org/playwright/-/playwright-1.42.1.tgz",
      "integrity": "sha512-PgwB03s2DZBcNRoW+1w9E+VkLBxweib6KTXM0M3tkiT4jVxKSi6PmVJ591J+0u10LUrgxB7dLRbiJqO5s2QPMg==",
      "dev": true,
      "dependencies": {
        "playwright-core": "1.42.1"
      },
      "bin": {
        "playwright": "cli.js"
      },
      "engines": {
        "node": ">=16"
      },
      "optionalDependencies": {
        "fsevents": "2.3.2"
      }
    },
    "node_modules/@prestashop-core/ui-testing": {
      "version": "0.0.11",
      "resolved": "https://registry.npmjs.org/@prestashop-core/ui-testing/-/ui-testing-0.0.11.tgz",
      "integrity": "sha512-2LbQ4i1yiFS20Bdr/WHTyEzXsXlxEdaMjxyWyW+Y+ZmfbDWB8MDNUP40RpQtO6jgMOvZYTnkae+gZ3kG8rNfAA==",
      "dev": true,
      "dependencies": {
        "@faker-js/faker": "^8.3.1",
        "@playwright/test": "^1.40.1",
        "semver": "^7.5.4"
      }
    },
    "node_modules/dotenv": {
      "version": "16.4.5",
      "resolved": "https://registry.npmjs.org/dotenv/-/dotenv-16.4.5.tgz",
      "integrity": "sha512-ZmdL2rui+eB2YwhsWzjInR8LldtZHGDoQ1ugH85ppHKwpUHL7j7rN0Ti9NCnGiQbhaZ11FpR+7ao1dNsmduNUg==",
      "dev": true,
      "engines": {
        "node": ">=12"
      },
      "funding": {
        "url": "https://dotenvx.com"
      }
    },
    "node_modules/fsevents": {
      "version": "2.3.2",
      "resolved": "https://registry.npmjs.org/fsevents/-/fsevents-2.3.2.tgz",
      "integrity": "sha512-xiqMQR4xAeHTuB9uWm+fFRcIOgKBMiOBP+eXiyT7jsgVCq1bkVygt00oASowB7EdtpOHaaPgKt812P9ab+DDKA==",
      "dev": true,
      "hasInstallScript": true,
      "optional": true,
      "os": [
        "darwin"
      ],
      "engines": {
        "node": "^8.16.0 || ^10.6.0 || >=11.0.0"
      }
    },
    "node_modules/lru-cache": {
      "version": "6.0.0",
      "resolved": "https://registry.npmjs.org/lru-cache/-/lru-cache-6.0.0.tgz",
      "integrity": "sha512-Jo6dJ04CmSjuznwJSS3pUeWmd/H0ffTlkXXgwZi+eq1UCmqQwCh+eLsYOYCwY991i2Fah4h1BEMCx4qThGbsiA==",
      "dev": true,
      "dependencies": {
        "yallist": "^4.0.0"
      },
      "engines": {
        "node": ">=10"
      }
    },
    "node_modules/playwright-core": {
      "version": "1.42.1",
      "resolved": "https://registry.npmjs.org/playwright-core/-/playwright-core-1.42.1.tgz",
      "integrity": "sha512-mxz6zclokgrke9p1vtdy/COWBH+eOZgYUVVU34C73M+4j4HLlQJHtfcqiqqxpP0o8HhMkflvfbquLX5dg6wlfA==",
      "dev": true,
      "bin": {
        "playwright-core": "cli.js"
      },
      "engines": {
        "node": ">=16"
      }
    },
    "node_modules/semver": {
      "version": "7.6.0",
      "resolved": "https://registry.npmjs.org/semver/-/semver-7.6.0.tgz",
      "integrity": "sha512-EnwXhrlwXMk9gKu5/flx5sv/an57AkRplG3hTK68W7FRDN+k+OWBj65M7719OkA82XLBxrcX0KSHj+X5COhOVg==",
      "dev": true,
      "dependencies": {
        "lru-cache": "^6.0.0"
      },
      "bin": {
        "semver": "bin/semver.js"
      },
      "engines": {
        "node": ">=10"
      }
    },
    "node_modules/yallist": {
      "version": "4.0.0",
      "resolved": "https://registry.npmjs.org/yallist/-/yallist-4.0.0.tgz",
      "integrity": "sha512-3wdGidZyq5PB084XLES5TpOSRA3wjXAlIWMhum2kRcv/41Sn2emQ0dycQW4uZXLejwKvg6EsvbdlVL+FYEct7A==",
      "dev": true
    }
  },
  "dependencies": {
    "@faker-js/faker": {
      "version": "8.4.1",
      "resolved": "https://registry.npmjs.org/@faker-js/faker/-/faker-8.4.1.tgz",
      "integrity": "sha512-XQ3cU+Q8Uqmrbf2e0cIC/QN43sTBSC8KF12u29Mb47tWrt2hAgBXSgpZMj4Ao8Uk0iJcU99QsOCaIL8934obCg==",
      "dev": true
    },
    "@playwright/test": {
      "version": "1.42.1",
      "resolved": "https://registry.npmjs.org/@playwright/test/-/test-1.42.1.tgz",
      "integrity": "sha512-Gq9rmS54mjBL/7/MvBaNOBwbfnh7beHvS6oS4srqXFcQHpQCV1+c8JXWE8VLPyRDhgS3H8x8A7hztqI9VnwrAQ==",
      "dev": true,
      "requires": {
        "playwright": "1.42.1"
      },
      "dependencies": {
        "playwright": {
          "version": "1.42.1",
          "resolved": "https://registry.npmjs.org/playwright/-/playwright-1.42.1.tgz",
          "integrity": "sha512-PgwB03s2DZBcNRoW+1w9E+VkLBxweib6KTXM0M3tkiT4jVxKSi6PmVJ591J+0u10LUrgxB7dLRbiJqO5s2QPMg==",
          "dev": true,
          "requires": {
            "fsevents": "2.3.2",
            "playwright-core": "1.42.1"
          }
        }
      }
    },
    "@prestashop-core/ui-testing": {
      "version": "0.0.11",
      "resolved": "https://registry.npmjs.org/@prestashop-core/ui-testing/-/ui-testing-0.0.11.tgz",
      "integrity": "sha512-2LbQ4i1yiFS20Bdr/WHTyEzXsXlxEdaMjxyWyW+Y+ZmfbDWB8MDNUP40RpQtO6jgMOvZYTnkae+gZ3kG8rNfAA==",
      "dev": true,
      "requires": {
        "@faker-js/faker": "^8.3.1",
        "@playwright/test": "^1.40.1",
        "semver": "^7.5.4"
      }
    },
    "dotenv": {
      "version": "16.4.5",
      "resolved": "https://registry.npmjs.org/dotenv/-/dotenv-16.4.5.tgz",
      "integrity": "sha512-ZmdL2rui+eB2YwhsWzjInR8LldtZHGDoQ1ugH85ppHKwpUHL7j7rN0Ti9NCnGiQbhaZ11FpR+7ao1dNsmduNUg==",
      "dev": true
    },
    "fsevents": {
      "version": "2.3.2",
      "resolved": "https://registry.npmjs.org/fsevents/-/fsevents-2.3.2.tgz",
      "integrity": "sha512-xiqMQR4xAeHTuB9uWm+fFRcIOgKBMiOBP+eXiyT7jsgVCq1bkVygt00oASowB7EdtpOHaaPgKt812P9ab+DDKA==",
      "dev": true,
      "optional": true
    },
    "lru-cache": {
      "version": "6.0.0",
      "resolved": "https://registry.npmjs.org/lru-cache/-/lru-cache-6.0.0.tgz",
      "integrity": "sha512-Jo6dJ04CmSjuznwJSS3pUeWmd/H0ffTlkXXgwZi+eq1UCmqQwCh+eLsYOYCwY991i2Fah4h1BEMCx4qThGbsiA==",
      "dev": true,
      "requires": {
        "yallist": "^4.0.0"
      }
    },
    "playwright-core": {
      "version": "1.42.1",
      "resolved": "https://registry.npmjs.org/playwright-core/-/playwright-core-1.42.1.tgz",
      "integrity": "sha512-mxz6zclokgrke9p1vtdy/COWBH+eOZgYUVVU34C73M+4j4HLlQJHtfcqiqqxpP0o8HhMkflvfbquLX5dg6wlfA==",
      "dev": true
    },
    "semver": {
      "version": "7.6.0",
      "resolved": "https://registry.npmjs.org/semver/-/semver-7.6.0.tgz",
      "integrity": "sha512-EnwXhrlwXMk9gKu5/flx5sv/an57AkRplG3hTK68W7FRDN+k+OWBj65M7719OkA82XLBxrcX0KSHj+X5COhOVg==",
      "dev": true,
      "requires": {
        "lru-cache": "^6.0.0"
      }
    },
    "yallist": {
      "version": "4.0.0",
      "resolved": "https://registry.npmjs.org/yallist/-/yallist-4.0.0.tgz",
      "integrity": "sha512-3wdGidZyq5PB084XLES5TpOSRA3wjXAlIWMhum2kRcv/41Sn2emQ0dycQW4uZXLejwKvg6EsvbdlVL+FYEct7A==",
      "dev": true
    }
  }
}
